{
  "originHash" : "dd06fb3e2434752f055062c416227e970dc826ebd35847779534f3518001defe",
  "pins" : [
    {
      "identity" : "alert-kit",
      "kind" : "remoteSourceControl",
      "location" : "https://github.com/grantbrooksgoodman/alert-kit",
      "state" : {
        "branch" : "main",
        "revision" : "7ec063ef843e908744a56b2bc7c11f2119aad663"
      }
    },
    {
      "identity" : "component-kit",
      "kind" : "remoteSourceControl",
      "location" : "https://github.com/grantbrooksgoodman/component-kit.git",
      "state" : {
        "branch" : "main",
        "revision" : "029a8ef67653f6e4f0966cbc6c15b09109e6544e"
      }
    },
    {
      "identity" : "core-architecture",
      "kind" : "remoteSourceControl",
      "location" : "https://github.com/grantbrooksgoodman/core-architecture.git",
      "state" : {
        "branch" : "main",
        "revision" : "45d6d08b23b755170c51ae7dbfcf01e82c81c5fe"
      }
    },
    {
      "identity" : "inputbaraccessoryview",
      "kind" : "remoteSourceControl",
      "location" : "https://github.com/nathantannar4/InputBarAccessoryView",
      "state" : {
        "revision" : "17ced92a5dccb36512b408b6276353631d7cbe57",
        "version" : "6.3.0"
      }
    },
    {
      "identity" : "messagekit",
      "kind" : "remoteSourceControl",
      "location" : "https://github.com/MessageKit/MessageKit",
      "state" : {
        "revision" : "1993e8e90d4e9a61b8d9bc8ceb733964ce943376",
        "version" : "4.2.0"
      }
    },
    {
      "identity" : "translator",
      "kind" : "remoteSourceControl",
      "location" : "https://github.com/grantbrooksgoodman/translator.git",
      "state" : {
        "branch" : "main",
        "revision" : "02ee8fc59e966f3d92d7b13f8683669098dc1d07"
      }
    }
  ],
  "version" : 3
}
